# THIS IS AN AUTOGENERATED FILE. DO NOT EDIT THIS FILE DIRECTLY.
# yarn lockfile v1


bun-types@latest:
  version "1.0.15"
  resolved "https://registry.yarnpkg.com/bun-types/-/bun-types-1.0.15.tgz#6905c697627a1690f23512986c47260330f48c3d"
  integrity sha512-XkEvWLV1JIhcVIpf2Lu6FXnZUxRUkQVJmgY+VT7os6Tk5X1nkXx11q4Rtu6txsqpDJZfUeZXblnnD59K+6wsVA==
